// !$*UTF8*$!
{
	archiveVersion = 1;
	classes = {
	};
	objectVersion = 46;
	objects = {

/* Begin PBXBuildFile section */
		17388AEA18991BC30045F6C0 /* BlogPost.m in Sources */ = {isa = PBXBuildFile; fileRef = 17388AE918991BC30045F6C0 /* BlogPost.m */; };
		17388AEB18991BC30045F6C0 /* BlogPost.m in Sources */ = {isa = PBXBuildFile; fileRef = 17388AE918991BC30045F6C0 /* BlogPost.m */; };
		17388AEE189936030045F6C0 /* BlogPostTableViewCell.m in Sources */ = {isa = PBXBuildFile; fileRef = 17388AED189936030045F6C0 /* BlogPostTableViewCell.m */; };
		17388AEF189936030045F6C0 /* BlogPostTableViewCell.m in Sources */ = {isa = PBXBuildFile; fileRef = 17388AED189936030045F6C0 /* BlogPostTableViewCell.m */; };
		176949A31897ABF5007EE309 /* TimelineViewController.m in Sources */ = {isa = PBXBuildFile; fileRef = 176949A21897ABF5007EE309 /* TimelineViewController.m */; };
		176949A41897ABF5007EE309 /* TimelineViewController.m in Sources */ = {isa = PBXBuildFile; fileRef = 176949A21897ABF5007EE309 /* TimelineViewController.m */; };
		17932AE81897A59300FC5149 /* Foundation.framework in Frameworks */ = {isa = PBXBuildFile; fileRef = 17932AE71897A59300FC5149 /* Foundation.framework */; };
		17932AEA1897A59300FC5149 /* CoreGraphics.framework in Frameworks */ = {isa = PBXBuildFile; fileRef = 17932AE91897A59300FC5149 /* CoreGraphics.framework */; };
		17932AEC1897A59300FC5149 /* UIKit.framework in Frameworks */ = {isa = PBXBuildFile; fileRef = 17932AEB1897A59300FC5149 /* UIKit.framework */; };
		17932AF21897A59300FC5149 /* InfoPlist.strings in Resources */ = {isa = PBXBuildFile; fileRef = 17932AF01897A59300FC5149 /* InfoPlist.strings */; };
		17932AF41897A59300FC5149 /* main.m in Sources */ = {isa = PBXBuildFile; fileRef = 17932AF31897A59300FC5149 /* main.m */; };
		17932AF81897A59300FC5149 /* AppDelegate.m in Sources */ = {isa = PBXBuildFile; fileRef = 17932AF71897A59300FC5149 /* AppDelegate.m */; };
		17932AFA1897A59300FC5149 /* Images.xcassets in Resources */ = {isa = PBXBuildFile; fileRef = 17932AF91897A59300FC5149 /* Images.xcassets */; };
		17932B011897A59300FC5149 /* XCTest.framework in Frameworks */ = {isa = PBXBuildFile; fileRef = 17932B001897A59300FC5149 /* XCTest.framework */; };
		17932B021897A59300FC5149 /* Foundation.framework in Frameworks */ = {isa = PBXBuildFile; fileRef = 17932AE71897A59300FC5149 /* Foundation.framework */; };
		17932B031897A59300FC5149 /* UIKit.framework in Frameworks */ = {isa = PBXBuildFile; fileRef = 17932AEB1897A59300FC5149 /* UIKit.framework */; };
		17932B0B1897A59300FC5149 /* InfoPlist.strings in Resources */ = {isa = PBXBuildFile; fileRef = 17932B091897A59300FC5149 /* InfoPlist.strings */; };
		17932B0D1897A59300FC5149 /* microblogTests.m in Sources */ = {isa = PBXBuildFile; fileRef = 17932B0C1897A59300FC5149 /* microblogTests.m */; };
		804745E41A414219BE2DC8E9 /* libPods.a in Frameworks */ = {isa = PBXBuildFile; fileRef = 56BDF831E7324D6989F9BC4F /* libPods.a */; };
/* End PBXBuildFile section */

/* Begin PBXContainerItemProxy section */
		17932B041897A59300FC5149 /* PBXContainerItemProxy */ = {
			isa = PBXContainerItemProxy;
			containerPortal = 17932ADC1897A59300FC5149 /* Project object */;
			proxyType = 1;
			remoteGlobalIDString = 17932AE31897A59300FC5149;
			remoteInfo = microblog;
		};
/* End PBXContainerItemProxy section */

/* Begin PBXFileReference section */
		17388AE818991BC30045F6C0 /* BlogPost.h */ = {isa = PBXFileReference; fileEncoding = 4; lastKnownFileType = sourcecode.c.h; path = BlogPost.h; sourceTree = "<group>"; };
		17388AE918991BC30045F6C0 /* BlogPost.m */ = {isa = PBXFileReference; fileEncoding = 4; lastKnownFileType = sourcecode.c.objc; path = BlogPost.m; sourceTree = "<group>"; };
		17388AEC189936030045F6C0 /* BlogPostTableViewCell.h */ = {isa = PBXFileReference; fileEncoding = 4; lastKnownFileType = sourcecode.c.h; path = BlogPostTableViewCell.h; sourceTree = "<group>"; };
		17388AED189936030045F6C0 /* BlogPostTableViewCell.m */ = {isa = PBXFileReference; fileEncoding = 4; lastKnownFileType = sourcecode.c.objc; path = BlogPostTableViewCell.m; sourceTree = "<group>"; };
		176949A11897ABF5007EE309 /* TimelineViewController.h */ = {isa = PBXFileReference; fileEncoding = 4; lastKnownFileType = sourcecode.c.h; path = TimelineViewController.h; sourceTree = "<group>"; };
		176949A21897ABF5007EE309 /* TimelineViewController.m */ = {isa = PBXFileReference; fileEncoding = 4; lastKnownFileType = sourcecode.c.objc; path = TimelineViewController.m; sourceTree = "<group>"; };
		17932AE41897A59300FC5149 /* microblog.app */ = {isa = PBXFileReference; explicitFileType = wrapper.application; includeInIndex = 0; path = microblog.app; sourceTree = BUILT_PRODUCTS_DIR; };
		17932AE71897A59300FC5149 /* Foundation.framework */ = {isa = PBXFileReference; lastKnownFileType = wrapper.framework; name = Foundation.framework; path = System/Library/Frameworks/Foundation.framework; sourceTree = SDKROOT; };
		17932AE91897A59300FC5149 /* CoreGraphics.framework */ = {isa = PBXFileReference; lastKnownFileType = wrapper.framework; name = CoreGraphics.framework; path = System/Library/Frameworks/CoreGraphics.framework; sourceTree = SDKROOT; };
		17932AEB1897A59300FC5149 /* UIKit.framework */ = {isa = PBXFileReference; lastKnownFileType = wrapper.framework; name = UIKit.framework; path = System/Library/Frameworks/UIKit.framework; sourceTree = SDKROOT; };
		17932AEF1897A59300FC5149 /* microblog-Info.plist */ = {isa = PBXFileReference; lastKnownFileType = text.plist.xml; path = "microblog-Info.plist"; sourceTree = "<group>"; };
		17932AF11897A59300FC5149 /* en */ = {isa = PBXFileReference; lastKnownFileType = text.plist.strings; name = en; path = en.lproj/InfoPlist.strings; sourceTree = "<group>"; };
		17932AF31897A59300FC5149 /* main.m */ = {isa = PBXFileReference; lastKnownFileType = sourcecode.c.objc; path = main.m; sourceTree = "<group>"; };
		17932AF51897A59300FC5149 /* microblog-Prefix.pch */ = {isa = PBXFileReference; lastKnownFileType = sourcecode.c.h; path = "microblog-Prefix.pch"; sourceTree = "<group>"; };
		17932AF61897A59300FC5149 /* AppDelegate.h */ = {isa = PBXFileReference; lastKnownFileType = sourcecode.c.h; path = AppDelegate.h; sourceTree = "<group>"; };
		17932AF71897A59300FC5149 /* AppDelegate.m */ = {isa = PBXFileReference; lastKnownFileType = sourcecode.c.objc; path = AppDelegate.m; sourceTree = "<group>"; };
		17932AF91897A59300FC5149 /* Images.xcassets */ = {isa = PBXFileReference; lastKnownFileType = folder.assetcatalog; path = Images.xcassets; sourceTree = "<group>"; };
		17932AFF1897A59300FC5149 /* microblogTests.xctest */ = {isa = PBXFileReference; explicitFileType = wrapper.cfbundle; includeInIndex = 0; path = microblogTests.xctest; sourceTree = BUILT_PRODUCTS_DIR; };
		17932B001897A59300FC5149 /* XCTest.framework */ = {isa = PBXFileReference; lastKnownFileType = wrapper.framework; name = XCTest.framework; path = Library/Frameworks/XCTest.framework; sourceTree = DEVELOPER_DIR; };
		17932B081897A59300FC5149 /* microblogTests-Info.plist */ = {isa = PBXFileReference; lastKnownFileType = text.plist.xml; path = "microblogTests-Info.plist"; sourceTree = "<group>"; };
		17932B0A1897A59300FC5149 /* en */ = {isa = PBXFileReference; lastKnownFileType = text.plist.strings; name = en; path = en.lproj/InfoPlist.strings; sourceTree = "<group>"; };
		17932B0C1897A59300FC5149 /* microblogTests.m */ = {isa = PBXFileReference; lastKnownFileType = sourcecode.c.objc; path = microblogTests.m; sourceTree = "<group>"; };
		56BDF831E7324D6989F9BC4F /* libPods.a */ = {isa = PBXFileReference; explicitFileType = archive.ar; includeInIndex = 0; path = libPods.a; sourceTree = BUILT_PRODUCTS_DIR; };
		6797E378A5114322AD656E19 /* Pods.xcconfig */ = {isa = PBXFileReference; includeInIndex = 1; lastKnownFileType = text.xcconfig; name = Pods.xcconfig; path = Pods/Pods.xcconfig; sourceTree = "<group>"; };
/* End PBXFileReference section */

/* Begin PBXFrameworksBuildPhase section */
		17932AE11897A59300FC5149 /* Frameworks */ = {
			isa = PBXFrameworksBuildPhase;
			buildActionMask = 2147483647;
			files = (
				17932AEA1897A59300FC5149 /* CoreGraphics.framework in Frameworks */,
				17932AEC1897A59300FC5149 /* UIKit.framework in Frameworks */,
				17932AE81897A59300FC5149 /* Foundation.framework in Frameworks */,
				804745E41A414219BE2DC8E9 /* libPods.a in Frameworks */,
			);
			runOnlyForDeploymentPostprocessing = 0;
		};
		17932AFC1897A59300FC5149 /* Frameworks */ = {
			isa = PBXFrameworksBuildPhase;
			buildActionMask = 2147483647;
			files = (
				17932B011897A59300FC5149 /* XCTest.framework in Frameworks */,
				17932B031897A59300FC5149 /* UIKit.framework in Frameworks */,
				17932B021897A59300FC5149 /* Foundation.framework in Frameworks */,
			);
			runOnlyForDeploymentPostprocessing = 0;
		};
/* End PBXFrameworksBuildPhase section */

/* Begin PBXGroup section */
		1769499F1897AB07007EE309 /* timeline */ = {
			isa = PBXGroup;
			children = (
				176949A11897ABF5007EE309 /* TimelineViewController.h */,
				176949A21897ABF5007EE309 /* TimelineViewController.m */,
				17388AE818991BC30045F6C0 /* BlogPost.h */,
				17388AE918991BC30045F6C0 /* BlogPost.m */,
				17388AEC189936030045F6C0 /* BlogPostTableViewCell.h */,
				17388AED189936030045F6C0 /* BlogPostTableViewCell.m */,
			);
			path = timeline;
			sourceTree = "<group>";
		};
		176949A01897AB07007EE309 /* user */ = {
			isa = PBXGroup;
			children = (
			);
			path = user;
			sourceTree = "<group>";
		};
		17932ADB1897A59300FC5149 = {
			isa = PBXGroup;
			children = (
				17932AED1897A59300FC5149 /* microblog */,
				17932B061897A59300FC5149 /* microblogTests */,
				17932AE61897A59300FC5149 /* Frameworks */,
				17932AE51897A59300FC5149 /* Products */,
				6797E378A5114322AD656E19 /* Pods.xcconfig */,
			);
			sourceTree = "<group>";
		};
		17932AE51897A59300FC5149 /* Products */ = {
			isa = PBXGroup;
			children = (
				17932AE41897A59300FC5149 /* microblog.app */,
				17932AFF1897A59300FC5149 /* microblogTests.xctest */,
			);
			name = Products;
			sourceTree = "<group>";
		};
		17932AE61897A59300FC5149 /* Frameworks */ = {
			isa = PBXGroup;
			children = (
				17932AE71897A59300FC5149 /* Foundation.framework */,
				17932AE91897A59300FC5149 /* CoreGraphics.framework */,
				17932AEB1897A59300FC5149 /* UIKit.framework */,
				17932B001897A59300FC5149 /* XCTest.framework */,
				56BDF831E7324D6989F9BC4F /* libPods.a */,
			);
			name = Frameworks;
			sourceTree = "<group>";
		};
		17932AED1897A59300FC5149 /* microblog */ = {
			isa = PBXGroup;
			children = (
				1769499F1897AB07007EE309 /* timeline */,
				176949A01897AB07007EE309 /* user */,
				17932AF61897A59300FC5149 /* AppDelegate.h */,
				17932AF71897A59300FC5149 /* AppDelegate.m */,
				17932AF91897A59300FC5149 /* Images.xcassets */,
				17932AEE1897A59300FC5149 /* Supporting Files */,
			);
			path = microblog;
			sourceTree = "<group>";
		};
		17932AEE1897A59300FC5149 /* Supporting Files */ = {
			isa = PBXGroup;
			children = (
				17932AEF1897A59300FC5149 /* microblog-Info.plist */,
				17932AF01897A59300FC5149 /* InfoPlist.strings */,
				17932AF31897A59300FC5149 /* main.m */,
				17932AF51897A59300FC5149 /* microblog-Prefix.pch */,
			);
			name = "Supporting Files";
			sourceTree = "<group>";
		};
		17932B061897A59300FC5149 /* microblogTests */ = {
			isa = PBXGroup;
			children = (
				17932B0C1897A59300FC5149 /* microblogTests.m */,
				17932B071897A59300FC5149 /* Supporting Files */,
			);
			path = microblogTests;
			sourceTree = "<group>";
		};
		17932B071897A59300FC5149 /* Supporting Files */ = {
			isa = PBXGroup;
			children = (
				17932B081897A59300FC5149 /* microblogTests-Info.plist */,
				17932B091897A59300FC5149 /* InfoPlist.strings */,
			);
			name = "Supporting Files";
			sourceTree = "<group>";
		};
/* End PBXGroup section */

/* Begin PBXNativeTarget section */
		17932AE31897A59300FC5149 /* microblog */ = {
			isa = PBXNativeTarget;
			buildConfigurationList = 17932B101897A59300FC5149 /* Build configuration list for PBXNativeTarget "microblog" */;
			buildPhases = (
				8AAA1366425140FAA3EE1267 /* Check Pods Manifest.lock */,
				17932AE01897A59300FC5149 /* Sources */,
				17932AE11897A59300FC5149 /* Frameworks */,
				17932AE21897A59300FC5149 /* Resources */,
				5B63399175FA43BF97F3A270 /* Copy Pods Resources */,
			);
			buildRules = (
			);
			dependencies = (
			);
			name = microblog;
			productName = microblog;
			productReference = 17932AE41897A59300FC5149 /* microblog.app */;
			productType = "com.apple.product-type.application";
		};
		17932AFE1897A59300FC5149 /* microblogTests */ = {
			isa = PBXNativeTarget;
			buildConfigurationList = 17932B131897A59300FC5149 /* Build configuration list for PBXNativeTarget "microblogTests" */;
			buildPhases = (
				17932AFB1897A59300FC5149 /* Sources */,
				17932AFC1897A59300FC5149 /* Frameworks */,
				17932AFD1897A59300FC5149 /* Resources */,
			);
			buildRules = (
			);
			dependencies = (
				17932B051897A59300FC5149 /* PBXTargetDependency */,
			);
			name = microblogTests;
			productName = microblogTests;
			productReference = 17932AFF1897A59300FC5149 /* microblogTests.xctest */;
			productType = "com.apple.product-type.bundle.unit-test";
		};
/* End PBXNativeTarget section */

/* Begin PBXProject section */
		17932ADC1897A59300FC5149 /* Project object */ = {
			isa = PBXProject;
			attributes = {
				LastUpgradeCheck = 0500;
				ORGANIZATIONNAME = lovelysystems;
				TargetAttributes = {
					17932AFE1897A59300FC5149 = {
						TestTargetID = 17932AE31897A59300FC5149;
					};
				};
			};
			buildConfigurationList = 17932ADF1897A59300FC5149 /* Build configuration list for PBXProject "microblog" */;
			compatibilityVersion = "Xcode 3.2";
			developmentRegion = English;
			hasScannedForEncodings = 0;
			knownRegions = (
				en,
			);
			mainGroup = 17932ADB1897A59300FC5149;
			productRefGroup = 17932AE51897A59300FC5149 /* Products */;
			projectDirPath = "";
			projectRoot = "";
			targets = (
				17932AE31897A59300FC5149 /* microblog */,
				17932AFE1897A59300FC5149 /* microblogTests */,
			);
		};
/* End PBXProject section */

/* Begin PBXResourcesBuildPhase section */
		17932AE21897A59300FC5149 /* Resources */ = {
			isa = PBXResourcesBuildPhase;
			buildActionMask = 2147483647;
			files = (
				17932AF21897A59300FC5149 /* InfoPlist.strings in Resources */,
				17932AFA1897A59300FC5149 /* Images.xcassets in Resources */,
			);
			runOnlyForDeploymentPostprocessing = 0;
		};
		17932AFD1897A59300FC5149 /* Resources */ = {
			isa = PBXResourcesBuildPhase;
			buildActionMask = 2147483647;
			files = (
				17932B0B1897A59300FC5149 /* InfoPlist.strings in Resources */,
			);
			runOnlyForDeploymentPostprocessing = 0;
		};
/* End PBXResourcesBuildPhase section */

/* Begin PBXShellScriptBuildPhase section */
		5B63399175FA43BF97F3A270 /* Copy Pods Resources */ = {
			isa = PBXShellScriptBuildPhase;
			buildActionMask = 2147483647;
			files = (
			);
			inputPaths = (
			);
			name = "Copy Pods Resources";
			outputPaths = (
			);
			runOnlyForDeploymentPostprocessing = 0;
			shellPath = /bin/sh;
			shellScript = "\"${SRCROOT}/Pods/Pods-resources.sh\"\n";
			showEnvVarsInLog = 0;
		};
		8AAA1366425140FAA3EE1267 /* Check Pods Manifest.lock */ = {
			isa = PBXShellScriptBuildPhase;
			buildActionMask = 2147483647;
			files = (
			);
			inputPaths = (
			);
			name = "Check Pods Manifest.lock";
			outputPaths = (
			);
			runOnlyForDeploymentPostprocessing = 0;
			shellPath = /bin/sh;
			shellScript = "diff \"${PODS_ROOT}/../Podfile.lock\" \"${PODS_ROOT}/Manifest.lock\" > /dev/null\nif [[ $? != 0 ]] ; then\n    cat << EOM\nerror: The sandbox is not in sync with the Podfile.lock. Run 'pod install' or update your CocoaPods installation.\nEOM\n    exit 1\nfi\n";
			showEnvVarsInLog = 0;
		};
/* End PBXShellScriptBuildPhase section */

/* Begin PBXSourcesBuildPhase section */
		17932AE01897A59300FC5149 /* Sources */ = {
			isa = PBXSourcesBuildPhase;
			buildActionMask = 2147483647;
			files = (
				17932AF81897A59300FC5149 /* AppDelegate.m in Sources */,
				17932AF41897A59300FC5149 /* main.m in Sources */,
				176949A31897ABF5007EE309 /* TimelineViewController.m in Sources */,
			);
			runOnlyForDeploymentPostprocessing = 0;
		};
		17932AFB1897A59300FC5149 /* Sources */ = {
			isa = PBXSourcesBuildPhase;
			buildActionMask = 2147483647;
			files = (
				17932B0D1897A59300FC5149 /* microblogTests.m in Sources */,
				176949A41897ABF5007EE309 /* TimelineViewController.m in Sources */,
				17388AEF189936030045F6C0 /* BlogPostTableViewCell.m in Sources */,
				17388AEB18991BC30045F6C0 /* BlogPost.m in Sources */,
			);
			runOnlyForDeploymentPostprocessing = 0;
		};
/* End PBXSourcesBuildPhase section */

/* Begin PBXTargetDependency section */
		17932B051897A59300FC5149 /* PBXTargetDependency */ = {
			isa = PBXTargetDependency;
			target = 17932AE31897A59300FC5149 /* microblog */;
			targetProxy = 17932B041897A59300FC5149 /* PBXContainerItemProxy */;
		};
/* End PBXTargetDependency section */

/* Begin PBXVariantGroup section */
		17932AF01897A59300FC5149 /* InfoPlist.strings */ = {
			isa = PBXVariantGroup;
			children = (
				17932AF11897A59300FC5149 /* en */,
			);
			name = InfoPlist.strings;
			sourceTree = "<group>";
		};
		17932B091897A59300FC5149 /* InfoPlist.strings */ = {
			isa = PBXVariantGroup;
			children = (
				17932B0A1897A59300FC5149 /* en */,
			);
			name = InfoPlist.strings;
			sourceTree = "<group>";
		};
/* End PBXVariantGroup section */

/* Begin XCBuildConfiguration section */
		17932B0E1897A59300FC5149 /* Debug */ = {
			isa = XCBuildConfiguration;
			buildSettings = {
				ALWAYS_SEARCH_USER_PATHS = NO;
				ARCHS = "$(ARCHS_STANDARD_INCLUDING_64_BIT)";
				CLANG_CXX_LANGUAGE_STANDARD = "gnu++0x";
				CLANG_CXX_LIBRARY = "libc++";
				CLANG_ENABLE_MODULES = YES;
				CLANG_ENABLE_OBJC_ARC = YES;
				CLANG_WARN_BOOL_CONVERSION = YES;
				CLANG_WARN_CONSTANT_CONVERSION = YES;
				CLANG_WARN_DIRECT_OBJC_ISA_USAGE = YES_ERROR;
				CLANG_WARN_EMPTY_BODY = YES;
				CLANG_WARN_ENUM_CONVERSION = YES;
				CLANG_WARN_INT_CONVERSION = YES;
				CLANG_WARN_OBJC_ROOT_CLASS = YES_ERROR;
				CLANG_WARN__DUPLICATE_METHOD_MATCH = YES;
				"CODE_SIGN_IDENTITY[sdk=iphoneos*]" = "iPhone Developer";
				COPY_PHASE_STRIP = NO;
				GCC_C_LANGUAGE_STANDARD = gnu99;
				GCC_DYNAMIC_NO_PIC = NO;
				GCC_OPTIMIZATION_LEVEL = 0;
				GCC_PREPROCESSOR_DEFINITIONS = (
					"DEBUG=1",
					"$(inherited)",
				);
				GCC_SYMBOLS_PRIVATE_EXTERN = NO;
				GCC_WARN_64_TO_32_BIT_CONVERSION = YES;
				GCC_WARN_ABOUT_RETURN_TYPE = YES_ERROR;
				GCC_WARN_UNDECLARED_SELECTOR = YES;
				GCC_WARN_UNINITIALIZED_AUTOS = YES;
				GCC_WARN_UNUSED_FUNCTION = YES;
				GCC_WARN_UNUSED_VARIABLE = YES;
				IPHONEOS_DEPLOYMENT_TARGET = 7.0;
				ONLY_ACTIVE_ARCH = YES;
				SDKROOT = iphoneos;
			};
			name = Debug;
		};
		17932B0F1897A59300FC5149 /* Release */ = {
			isa = XCBuildConfiguration;
			buildSettings = {
				ALWAYS_SEARCH_USER_PATHS = NO;
				ARCHS = "$(ARCHS_STANDARD_INCLUDING_64_BIT)";
				CLANG_CXX_LANGUAGE_STANDARD = "gnu++0x";
				CLANG_CXX_LIBRARY = "libc++";
				CLANG_ENABLE_MODULES = YES;
				CLANG_ENABLE_OBJC_ARC = YES;
				CLANG_WARN_BOOL_CONVERSION = YES;
				CLANG_WARN_CONSTANT_CONVERSION = YES;
				CLANG_WARN_DIRECT_OBJC_ISA_USAGE = YES_ERROR;
				CLANG_WARN_EMPTY_BODY = YES;
				CLANG_WARN_ENUM_CONVERSION = YES;
				CLANG_WARN_INT_CONVERSION = YES;
				CLANG_WARN_OBJC_ROOT_CLASS = YES_ERROR;
				CLANG_WARN__DUPLICATE_METHOD_MATCH = YES;
				"CODE_SIGN_IDENTITY[sdk=iphoneos*]" = "iPhone Developer";
				COPY_PHASE_STRIP = YES;
				ENABLE_NS_ASSERTIONS = NO;
				GCC_C_LANGUAGE_STANDARD = gnu99;
				GCC_WARN_64_TO_32_BIT_CONVERSION = YES;
				GCC_WARN_ABOUT_RETURN_TYPE = YES_ERROR;
				GCC_WARN_UNDECLARED_SELECTOR = YES;
				GCC_WARN_UNINITIALIZED_AUTOS = YES;
				GCC_WARN_UNUSED_FUNCTION = YES;
				GCC_WARN_UNUSED_VARIABLE = YES;
				IPHONEOS_DEPLOYMENT_TARGET = 7.0;
				SDKROOT = iphoneos;
				VALIDATE_PRODUCT = YES;
			};
			name = Release;
		};
		17932B111897A59300FC5149 /* Debug */ = {
			isa = XCBuildConfiguration;
			baseConfigurationReference = 6797E378A5114322AD656E19 /* Pods.xcconfig */;
			buildSettings = {
				ASSETCATALOG_COMPILER_APPICON_NAME = AppIcon;
				ASSETCATALOG_COMPILER_LAUNCHIMAGE_NAME = LaunchImage;
				GCC_PRECOMPILE_PREFIX_HEADER = YES;
				GCC_PREFIX_HEADER = "microblog/microblog-Prefix.pch";
				INFOPLIST_FILE = "microblog/microblog-Info.plist";
				PRODUCT_NAME = "$(TARGET_NAME)";
				WRAPPER_EXTENSION = app;
			};
			name = Debug;
		};
		17932B121897A59300FC5149 /* Release */ = {
			isa = XCBuildConfiguration;
			baseConfigurationReference = 6797E378A5114322AD656E19 /* Pods.xcconfig */;
			buildSettings = {
				ASSETCATALOG_COMPILER_APPICON_NAME = AppIcon;
				ASSETCATALOG_COMPILER_LAUNCHIMAGE_NAME = LaunchImage;
				GCC_PRECOMPILE_PREFIX_HEADER = YES;
				GCC_PREFIX_HEADER = "microblog/microblog-Prefix.pch";
				INFOPLIST_FILE = "microblog/microblog-Info.plist";
				PRODUCT_NAME = "$(TARGET_NAME)";
				WRAPPER_EXTENSION = app;
			};
			name = Release;
		};
		17932B141897A59300FC5149 /* Debug */ = {
			isa = XCBuildConfiguration;
			buildSettings = {
				ARCHS = "$(ARCHS_STANDARD_INCLUDING_64_BIT)";
				BUNDLE_LOADER = "$(BUILT_PRODUCTS_DIR)/microblog.app/microblog";
				FRAMEWORK_SEARCH_PATHS = (
					"$(SDKROOT)/Developer/Library/Frameworks",
					"$(inherited)",
					"$(DEVELOPER_FRAMEWORKS_DIR)",
				);
				GCC_PRECOMPILE_PREFIX_HEADER = YES;
				GCC_PREFIX_HEADER = "microblog/microblog-Prefix.pch";
				GCC_PREPROCESSOR_DEFINITIONS = (
					"DEBUG=1",
					"$(inherited)",
				);
				INFOPLIST_FILE = "microblogTests/microblogTests-Info.plist";
				PRODUCT_NAME = "$(TARGET_NAME)";
				TEST_HOST = "$(BUNDLE_LOADER)";
				WRAPPER_EXTENSION = xctest;
			};
			name = Debug;
		};
		17932B151897A59300FC5149 /* Release */ = {
			isa = XCBuildConfiguration;
			buildSettings = {
				ARCHS = "$(ARCHS_STANDARD_INCLUDING_64_BIT)";
				BUNDLE_LOADER = "$(BUILT_PRODUCTS_DIR)/microblog.app/microblog";
				FRAMEWORK_SEARCH_PATHS = (
					"$(SDKROOT)/Developer/Library/Frameworks",
					"$(inherited)",
					"$(DEVELOPER_FRAMEWORKS_DIR)",
				);
				GCC_PRECOMPILE_PREFIX_HEADER = YES;
				GCC_PREFIX_HEADER = "microblog/microblog-Prefix.pch";
				INFOPLIST_FILE = "microblogTests/microblogTests-Info.plist";
				PRODUCT_NAME = "$(TARGET_NAME)";
				TEST_HOST = "$(BUNDLE_LOADER)";
				WRAPPER_EXTENSION = xctest;
			};
			name = Release;
		};
/* End XCBuildConfiguration section */

/* Begin XCConfigurationList section */
		17932ADF1897A59300FC5149 /* Build configuration list for PBXProject "microblog" */ = {
			isa = XCConfigurationList;
			buildConfigurations = (
				17932B0E1897A59300FC5149 /* Debug */,
				17932B0F1897A59300FC5149 /* Release */,
			);
			defaultConfigurationIsVisible = 0;
			defaultConfigurationName = Release;
		};
		17932B101897A59300FC5149 /* Build configuration list for PBXNativeTarget "microblog" */ = {
			isa = XCConfigurationList;
			buildConfigurations = (
				17932B111897A59300FC5149 /* Debug */,
				17932B121897A59300FC5149 /* Release */,
			);
			defaultConfigurationIsVisible = 0;
			defaultConfigurationName = Release;
		};
		17932B131897A59300FC5149 /* Build configuration list for PBXNativeTarget "microblogTests" */ = {
			isa = XCConfigurationList;
			buildConfigurations = (
				17932B141897A59300FC5149 /* Debug */,
				17932B151897A59300FC5149 /* Release */,
			);
			defaultConfigurationIsVisible = 0;
			defaultConfigurationName = Release;
		};
/* End XCConfigurationList section */
	};
	rootObject = 17932ADC1897A59300FC5149 /* Project object */;
}
